
Microsoft Visual Studio Solution File, Format Version 12.00
# Visual Studio Version 17
VisualStudioVersion = 17.7.34024.191
MinimumVisualStudioVersion = 10.0.40219.1
Project("{9A19103F-16F7-4668-BE54-9A1E7A4F7556}") = "TimeTable", "TimeTable\TimeTable.csproj", "{052D509A-0779-45E7-AE9E-7B2BC1BADA34}"
EndProject
Project("{2150E333-8FDC-42A3-9474-1A3956D46DE8}") = "Projektmappenelemente", "Projektmappenelemente", "{25248121-32B8-403F-A8C2-8EF0D65E1C88}"
EndProject
Global
	GlobalSection(SolutionConfigurationPlatforms) = preSolution
		Debug|Any CPU = Debug|Any CPU
		Release|Any CPU = Release|Any CPU
	EndGlobalSection
	GlobalSection(ProjectConfigurationPlatforms) = postSolution
		{052D509A-0779-45E7-AE9E-7B2BC1BADA34}.Debug|Any CPU.ActiveCfg = Debug|Any CPU
		{052D509A-0779-45E7-AE9E-7B2BC1BADA34}.Debug|Any CPU.Build.0 = Debug|Any CPU
		{052D509A-0779-45E7-AE9E-7B2BC1BADA34}.Release|Any CPU.ActiveCfg = Release|Any CPU
		{052D509A-0779-45E7-AE9E-7B2BC1BADA34}.Release|Any CPU.Build.0 = Release|Any CPU
	EndGlobalSection
	GlobalSection(SolutionProperties) = preSolution
		HideSolutionNode = FALSE
	EndGlobalSection
	GlobalSection(ExtensibilityGlobals) = postSolution
		SolutionGuid = {3F59A1E9-E68C-4708-9C06-78130C2E8B87}
	EndGlobalSection
EndGlobal
